
Microsoft Visual Studio Solution File, Format Version 12.00
# Visual Studio Version 16
VisualStudioVersion = 16.0.30011.22
MinimumVisualStudioVersion = 10.0.40219.1
Project("{FAE04EC0-301F-11D3-BF4B-00C04F79EFBC}") = "OdeToFood.Web", "OdeToFood.Web\OdeToFood.Web.csproj", "{AA949378-DCB3-4CE8-B225-45E78DF19D8D}"
EndProject
Project("{FAE04EC0-301F-11D3-BF4B-00C04F79EFBC}") = "OdeToFood.NetFrameWork.Data", "OdeToFood.NetFrameWork.Data\OdeToFood.NetFrameWork.Data.csproj", "{FDD50047-877A-4E81-8B74-A62310FFAC1C}"
EndProject
Global
	GlobalSection(SolutionConfigurationPlatforms) = preSolution
		Debug|Any CPU = Debug|Any CPU
		Release|Any CPU = Release|Any CPU
	EndGlobalSection
	GlobalSection(ProjectConfigurationPlatforms) = postSolution
		{AA949378-DCB3-4CE8-B225-45E78DF19D8D}.Debug|Any CPU.ActiveCfg = Debug|Any CPU
		{AA949378-DCB3-4CE8-B225-45E78DF19D8D}.Debug|Any CPU.Build.0 = Debug|Any CPU
		{AA949378-DCB3-4CE8-B225-45E78DF19D8D}.Release|Any CPU.ActiveCfg = Release|Any CPU
		{AA949378-DCB3-4CE8-B225-45E78DF19D8D}.Release|Any CPU.Build.0 = Release|Any CPU
		{FDD50047-877A-4E81-8B74-A62310FFAC1C}.Debug|Any CPU.ActiveCfg = Debug|Any CPU
		{FDD50047-877A-4E81-8B74-A62310FFAC1C}.Debug|Any CPU.Build.0 = Debug|Any CPU
		{FDD50047-877A-4E81-8B74-A62310FFAC1C}.Release|Any CPU.ActiveCfg = Release|Any CPU
		{FDD50047-877A-4E81-8B74-A62310FFAC1C}.Release|Any CPU.Build.0 = Release|Any CPU
	EndGlobalSection
	GlobalSection(SolutionProperties) = preSolution
		HideSolutionNode = FALSE
	EndGlobalSection
	GlobalSection(ExtensibilityGlobals) = postSolution
		SolutionGuid = {A8BDF741-312C-49F8-856E-FE3118234225}
	EndGlobalSection
EndGlobal
